# This file is autogenerated, do not edit; changes may be undone by the next 'dep ensure'.


[[projects]]
  digest = "1:e5c095ba351261598a2f621de0642b9cea19103cb1b979283f1943b3f4222942"
  name = "github.com/eclipse/che-go-jsonrpc"
  packages = [
    ".",
    "jsonrpcws",
  ]
  pruneopts = "UT"
  revision = "87cdb8da2597bc22a91f8dcff72999ac8fe5cd8c"
  version = "0.2.0"

[[projects]]
  digest = "1:90b1a0b934aa436980e0e82305b3a37b7908328cdafc91ac734d3fd66897e7b0"
  name = "github.com/eclipse/che-plugin-broker"
  packages = ["model"]
  pruneopts = "UT"
  revision = "e65ac22ba802e2366ce109d369fc072bbcb6d735"
  version = "v0.4.0"

[[projects]]
  digest = "1:7b5c6e2eeaa9ae5907c391a91c132abfd5c9e8a784a341b5625e750c67e6825d"
  name = "github.com/gorilla/websocket"
  packages = ["."]
  pruneopts = "UT"
  revision = "66b9c49e59c6c48f0ffce28c2d8b8a5678502c6d"
  version = "v1.4.0"

[[projects]]
  digest = "1:edbef42561faa44c19129b68d1e109fbc1647f63239250391eadc8d0e7c9f669"
  name = "github.com/kelseyhightower/envconfig"
  packages = ["."]
  pruneopts = "UT"
  revision = "f611eb38b3875cc3bd991ca91c51d06446afa14c"
  version = "v1.3.0"

[[projects]]
  digest = "1:7233f2b1f864831a729ca0d48e84081ac8b4ce040a5aad3b394c421a7a0405cb"
  name = "github.com/paulbellamy/ratecounter"
  packages = ["."]
  pruneopts = "UT"
  revision = "524851a93235ac051e3540563ed7909357fe24ab"
  version = "v0.2.0"

[solve-meta]
  analyzer-name = "dep"
  analyzer-version = 1
  input-imports = [
    "github.com/eclipse/che-go-jsonrpc",
    "github.com/eclipse/che-go-jsonrpc/jsonrpcws",
    "github.com/eclipse/che-plugin-broker/model",
    "github.com/gorilla/websocket",
    "github.com/kelseyhightower/envconfig",
    "github.com/paulbellamy/ratecounter",
  ]
  solver-name = "gps-cdcl"
  solver-version = 1
