# This file is autogenerated, do not edit; changes may be undone by the next 'dep ensure'.


[[projects]]
  digest = "1:302bd3d3d720780d2ab1596b48891e01c7be7e93b2e247634fc3bd00b6540537"
  name = "github.com/eclipse/che-go-jsonrpc"
  packages = [
    ".",
    "event",
    "jsonrpcws",
  ]
  pruneopts = "UT"
  revision = "87cdb8da2597bc22a91f8dcff72999ac8fe5cd8c"
  version = "0.2.0"

[[projects]]
  digest = "1:959cd766401377bd2ea259e0ea2f2778e069c6a3315151289d10b4cfa45597ac"
  name = "github.com/eclipse/che-plugin-broker"
  packages = [
    "broker",
    "cfg",
    "model",
    "storage",
  ]
  pruneopts = "UT"
  revision = "e65ac22ba802e2366ce109d369fc072bbcb6d735"
  version = "v0.4.0"

[[projects]]
  digest = "1:7b5c6e2eeaa9ae5907c391a91c132abfd5c9e8a784a341b5625e750c67e6825d"
  name = "github.com/gorilla/websocket"
  packages = ["."]
  pruneopts = "UT"
  revision = "66b9c49e59c6c48f0ffce28c2d8b8a5678502c6d"
  version = "v1.4.0"

[[projects]]
  digest = "1:342378ac4dcb378a5448dd723f0784ae519383532f5e70ade24132c4c8693202"
  name = "gopkg.in/yaml.v2"
  packages = ["."]
  pruneopts = "UT"
  revision = "5420a8b6744d3b0345ab293f6fcba19c978f1183"
  version = "v2.2.1"

[solve-meta]
  analyzer-name = "dep"
  analyzer-version = 1
  input-imports = [
    "github.com/eclipse/che-go-jsonrpc",
    "github.com/eclipse/che-go-jsonrpc/jsonrpcws",
    "github.com/eclipse/che-plugin-broker/broker",
  ]
  solver-name = "gps-cdcl"
  solver-version = 1
